// !$*UTF8*$!
{
	archiveVersion = 1;
	classes = {
	};
	objectVersion = 46;
	objects = {

/* Begin PBXBuildFile section */
		CA341BC41467D15B0007160C /* NSDictionary+NonNull.m in Sources */ = {isa = PBXBuildFile; fileRef = CA341B8A1467D15B0007160C /* NSDictionary+NonNull.m */; };
		CA341BC51467D15B0007160C /* NSDictionary+URL.m in Sources */ = {isa = PBXBuildFile; fileRef = CA341B8C1467D15B0007160C /* NSDictionary+URL.m */; };
		CA341BC61467D15B0007160C /* NSString+Addition.m in Sources */ = {isa = PBXBuildFile; fileRef = CA341B8E1467D15B0007160C /* NSString+Addition.m */; };
		CA341BCC1467D15B0007160C /* PLGlobal.m in Sources */ = {isa = PBXBuildFile; fileRef = CA341B9D1467D15B0007160C /* PLGlobal.m */; };
		CA341BCD1467D15B0007160C /* PLOG.m in Sources */ = {isa = PBXBuildFile; fileRef = CA341B9F1467D15B0007160C /* PLOG.m */; };
		CA341BCE1467D15B0007160C /* PLSettings.m in Sources */ = {isa = PBXBuildFile; fileRef = CA341BA11467D15B0007160C /* PLSettings.m */; };
		CA341BCF1467D15B0007160C /* T.m in Sources */ = {isa = PBXBuildFile; fileRef = CA341BA41467D15B0007160C /* T.m */; };
		CA341BD01467D15B0007160C /* PLHttpClient.m in Sources */ = {isa = PBXBuildFile; fileRef = CA341BA71467D15B0007160C /* PLHttpClient.m */; };
		CA341BD11467D15B0007160C /* PLHttpConfig.m in Sources */ = {isa = PBXBuildFile; fileRef = CA341BA91467D15B0007160C /* PLHttpConfig.m */; };
		CA341BD21467D15B0007160C /* PLHttpQueue.m in Sources */ = {isa = PBXBuildFile; fileRef = CA341BAB1467D15B0007160C /* PLHttpQueue.m */; };
		CA341BE01467D22F0007160C /* QuartzCore.framework in Frameworks */ = {isa = PBXBuildFile; fileRef = CA341BDF1467D22F0007160C /* QuartzCore.framework */; };
		CA341BED1467D4100007160C /* NSObject+SBJSON.m in Sources */ = {isa = PBXBuildFile; fileRef = CA341BE41467D4100007160C /* NSObject+SBJSON.m */; };
		CA341BEE1467D4100007160C /* NSString+SBJSON.m in Sources */ = {isa = PBXBuildFile; fileRef = CA341BE61467D4100007160C /* NSString+SBJSON.m */; };
		CA341BEF1467D4100007160C /* SBJsonBase.m in Sources */ = {isa = PBXBuildFile; fileRef = CA341BE81467D4100007160C /* SBJsonBase.m */; };
		CA341BF01467D4100007160C /* SBJsonParser.m in Sources */ = {isa = PBXBuildFile; fileRef = CA341BEA1467D4100007160C /* SBJsonParser.m */; };
		CA341BF11467D4100007160C /* SBJsonWriter.m in Sources */ = {isa = PBXBuildFile; fileRef = CA341BEC1467D4100007160C /* SBJsonWriter.m */; };
		CA341BF71467D48E0007160C /* DBList.m in Sources */ = {isa = PBXBuildFile; fileRef = CA341BF61467D48E0007160C /* DBList.m */; };
		CA341BFA1467D4B30007160C /* DBFM.m in Sources */ = {isa = PBXBuildFile; fileRef = CA341BF91467D4B30007160C /* DBFM.m */; };
		CA341C0A1467E39B0007160C /* PLHttpBlock.m in Sources */ = {isa = PBXBuildFile; fileRef = CA341C091467E39B0007160C /* PLHttpBlock.m */; };
		CA779C49146FDB9C00D085AF /* NSImageCache.m in Sources */ = {isa = PBXBuildFile; fileRef = CA779C48146FDB9C00D085AF /* NSImageCache.m */; };
		CA779C4C146FDF6700D085AF /* PLImageRequest.m in Sources */ = {isa = PBXBuildFile; fileRef = CA779C4B146FDF6700D085AF /* PLImageRequest.m */; };
		CA779C4F146FDFF800D085AF /* NSImageLoader.m in Sources */ = {isa = PBXBuildFile; fileRef = CA779C4E146FDFF800D085AF /* NSImageLoader.m */; };
		CA779C52146FE3D800D085AF /* NSImageView+RemoteImage.m in Sources */ = {isa = PBXBuildFile; fileRef = CA779C51146FE3D800D085AF /* NSImageView+RemoteImage.m */; };
		CA779C54146FE50000D085AF /* default_cover.png in Resources */ = {isa = PBXBuildFile; fileRef = CA779C53146FE50000D085AF /* default_cover.png */; };
		CA779C62146FEC3100D085AF /* TexturedSliderPhotoSmall.tif in Resources */ = {isa = PBXBuildFile; fileRef = CA779C59146FEC3100D085AF /* TexturedSliderPhotoSmall.tif */; };
		CA779C63146FEC3100D085AF /* TexturedSliderPhotoLarge.tif in Resources */ = {isa = PBXBuildFile; fileRef = CA779C5A146FEC3100D085AF /* TexturedSliderPhotoLarge.tif */; };
		CA779C64146FEC3100D085AF /* TexturedSliderSpeakerQuiet.png in Resources */ = {isa = PBXBuildFile; fileRef = CA779C5B146FEC3100D085AF /* TexturedSliderSpeakerQuiet.png */; };
		CA779C65146FEC3100D085AF /* TexturedSliderSpeakerLoud.png in Resources */ = {isa = PBXBuildFile; fileRef = CA779C5C146FEC3100D085AF /* TexturedSliderSpeakerLoud.png */; };
		CA779C66146FEC3100D085AF /* TexturedSliderTrackRight.tiff in Resources */ = {isa = PBXBuildFile; fileRef = CA779C5D146FEC3100D085AF /* TexturedSliderTrackRight.tiff */; };
		CA779C67146FEC3100D085AF /* TexturedSliderTrackFill.tiff in Resources */ = {isa = PBXBuildFile; fileRef = CA779C5E146FEC3100D085AF /* TexturedSliderTrackFill.tiff */; };
		CA779C68146FEC3100D085AF /* TexturedSliderTrackLeft.tiff in Resources */ = {isa = PBXBuildFile; fileRef = CA779C5F146FEC3100D085AF /* TexturedSliderTrackLeft.tiff */; };
		CA779C69146FEC3100D085AF /* TexturedSliderThumbP.tiff in Resources */ = {isa = PBXBuildFile; fileRef = CA779C60146FEC3100D085AF /* TexturedSliderThumbP.tiff */; };
		CA779C6A146FEC3100D085AF /* TexturedSliderThumbN.tiff in Resources */ = {isa = PBXBuildFile; fileRef = CA779C61146FEC3100D085AF /* TexturedSliderThumbN.tiff */; };
		CA779C6F146FEC4000D085AF /* BWTexturedSlider.m in Sources */ = {isa = PBXBuildFile; fileRef = CA779C6C146FEC4000D085AF /* BWTexturedSlider.m */; };
		CA779C70146FEC4000D085AF /* BWTexturedSliderCell.m in Sources */ = {isa = PBXBuildFile; fileRef = CA779C6E146FEC4000D085AF /* BWTexturedSliderCell.m */; };
		CA779C72146FF0DE00D085AF /* cover_shadow.png in Resources */ = {isa = PBXBuildFile; fileRef = CA779C71146FF0DE00D085AF /* cover_shadow.png */; };
		CA779C75146FF4BD00D085AF /* NSVIewBG.m in Sources */ = {isa = PBXBuildFile; fileRef = CA779C74146FF4BC00D085AF /* NSVIewBG.m */; };
		CA779C79146FF7B000D085AF /* next.png in Resources */ = {isa = PBXBuildFile; fileRef = CA779C76146FF7AF00D085AF /* next.png */; };
		CA779C7A146FF7B000D085AF /* play.png in Resources */ = {isa = PBXBuildFile; fileRef = CA779C77146FF7B000D085AF /* play.png */; };
		CA779C7B146FF7B000D085AF /* pause.png in Resources */ = {isa = PBXBuildFile; fileRef = CA779C78146FF7B000D085AF /* pause.png */; };
		CA8108F9143459B500AADE2C /* Cocoa.framework in Frameworks */ = {isa = PBXBuildFile; fileRef = CA8108F8143459B500AADE2C /* Cocoa.framework */; };
		CA810903143459B500AADE2C /* InfoPlist.strings in Resources */ = {isa = PBXBuildFile; fileRef = CA810901143459B500AADE2C /* InfoPlist.strings */; };
		CA810905143459B500AADE2C /* main.m in Sources */ = {isa = PBXBuildFile; fileRef = CA810904143459B500AADE2C /* main.m */; };
		CA810909143459B500AADE2C /* Credits.rtf in Resources */ = {isa = PBXBuildFile; fileRef = CA810907143459B500AADE2C /* Credits.rtf */; };
		CA81090C143459B500AADE2C /* LessDJAppDelegate.m in Sources */ = {isa = PBXBuildFile; fileRef = CA81090B143459B500AADE2C /* LessDJAppDelegate.m */; };
		CA81090F143459B600AADE2C /* MainMenu.xib in Resources */ = {isa = PBXBuildFile; fileRef = CA81090D143459B600AADE2C /* MainMenu.xib */; };
		CA8109731434628800AADE2C /* AudioToolbox.framework in Frameworks */ = {isa = PBXBuildFile; fileRef = CA8109721434628800AADE2C /* AudioToolbox.framework */; };
		CAC4B1BD146CDB4A0017EA73 /* CoreMedia.framework in Frameworks */ = {isa = PBXBuildFile; fileRef = CAC4B1BC146CDB4A0017EA73 /* CoreMedia.framework */; };
		CAC4B1D5146D08CD0017EA73 /* LessDJ.sdef in Resources */ = {isa = PBXBuildFile; fileRef = CAC4B1D4146D08CD0017EA73 /* LessDJ.sdef */; };
		CAC4B1D9146D09860017EA73 /* NSApplication+BridgeSupport.m in Sources */ = {isa = PBXBuildFile; fileRef = CAC4B1D8146D09860017EA73 /* NSApplication+BridgeSupport.m */; };
		CAC4B1DC146D117B0017EA73 /* Element.m in Sources */ = {isa = PBXBuildFile; fileRef = CAC4B1DB146D117A0017EA73 /* Element.m */; };
		CAD051C6146BD276005E8929 /* AVFoundation.framework in Frameworks */ = {isa = PBXBuildFile; fileRef = CAD051C5146BD276005E8929 /* AVFoundation.framework */; };
/* End PBXBuildFile section */

/* Begin PBXFileReference section */
		CA341B881467D15B0007160C /* NSAdditions.h */ = {isa = PBXFileReference; fileEncoding = 4; lastKnownFileType = sourcecode.c.h; path = NSAdditions.h; sourceTree = "<group>"; };
		CA341B891467D15B0007160C /* NSDictionary+NonNull.h */ = {isa = PBXFileReference; fileEncoding = 4; lastKnownFileType = sourcecode.c.h; path = "NSDictionary+NonNull.h"; sourceTree = "<group>"; };
		CA341B8A1467D15B0007160C /* NSDictionary+NonNull.m */ = {isa = PBXFileReference; fileEncoding = 4; lastKnownFileType = sourcecode.c.objc; path = "NSDictionary+NonNull.m"; sourceTree = "<group>"; };
		CA341B8B1467D15B0007160C /* NSDictionary+URL.h */ = {isa = PBXFileReference; fileEncoding = 4; lastKnownFileType = sourcecode.c.h; path = "NSDictionary+URL.h"; sourceTree = "<group>"; };
		CA341B8C1467D15B0007160C /* NSDictionary+URL.m */ = {isa = PBXFileReference; fileEncoding = 4; lastKnownFileType = sourcecode.c.objc; path = "NSDictionary+URL.m"; sourceTree = "<group>"; };
		CA341B8D1467D15B0007160C /* NSString+Addition.h */ = {isa = PBXFileReference; fileEncoding = 4; lastKnownFileType = sourcecode.c.h; path = "NSString+Addition.h"; sourceTree = "<group>"; };
		CA341B8E1467D15B0007160C /* NSString+Addition.m */ = {isa = PBXFileReference; fileEncoding = 4; lastKnownFileType = sourcecode.c.objc; path = "NSString+Addition.m"; sourceTree = "<group>"; };
		CA341B9B1467D15B0007160C /* PLCore.h */ = {isa = PBXFileReference; fileEncoding = 4; lastKnownFileType = sourcecode.c.h; path = PLCore.h; sourceTree = "<group>"; };
		CA341B9C1467D15B0007160C /* PLGlobal.h */ = {isa = PBXFileReference; fileEncoding = 4; lastKnownFileType = sourcecode.c.h; path = PLGlobal.h; sourceTree = "<group>"; };
		CA341B9D1467D15B0007160C /* PLGlobal.m */ = {isa = PBXFileReference; fileEncoding = 4; lastKnownFileType = sourcecode.c.objc; path = PLGlobal.m; sourceTree = "<group>"; };
		CA341B9E1467D15B0007160C /* PLOG.h */ = {isa = PBXFileReference; fileEncoding = 4; lastKnownFileType = sourcecode.c.h; path = PLOG.h; sourceTree = "<group>"; };
		CA341B9F1467D15B0007160C /* PLOG.m */ = {isa = PBXFileReference; fileEncoding = 4; lastKnownFileType = sourcecode.c.objc; path = PLOG.m; sourceTree = "<group>"; };
		CA341BA01467D15B0007160C /* PLSettings.h */ = {isa = PBXFileReference; fileEncoding = 4; lastKnownFileType = sourcecode.c.h; path = PLSettings.h; sourceTree = "<group>"; };
		CA341BA11467D15B0007160C /* PLSettings.m */ = {isa = PBXFileReference; fileEncoding = 4; lastKnownFileType = sourcecode.c.objc; path = PLSettings.m; sourceTree = "<group>"; };
		CA341BA21467D15B0007160C /* PlutoLand.h */ = {isa = PBXFileReference; fileEncoding = 4; lastKnownFileType = sourcecode.c.h; path = PlutoLand.h; sourceTree = "<group>"; };
		CA341BA31467D15B0007160C /* T.h */ = {isa = PBXFileReference; fileEncoding = 4; lastKnownFileType = sourcecode.c.h; path = T.h; sourceTree = "<group>"; };
		CA341BA41467D15B0007160C /* T.m */ = {isa = PBXFileReference; fileEncoding = 4; lastKnownFileType = sourcecode.c.objc; path = T.m; sourceTree = "<group>"; };
		CA341BA61467D15B0007160C /* PLHttpClient.h */ = {isa = PBXFileReference; fileEncoding = 4; lastKnownFileType = sourcecode.c.h; path = PLHttpClient.h; sourceTree = "<group>"; };
		CA341BA71467D15B0007160C /* PLHttpClient.m */ = {isa = PBXFileReference; fileEncoding = 4; lastKnownFileType = sourcecode.c.objc; path = PLHttpClient.m; sourceTree = "<group>"; };
		CA341BA81467D15B0007160C /* PLHttpConfig.h */ = {isa = PBXFileReference; fileEncoding = 4; lastKnownFileType = sourcecode.c.h; path = PLHttpConfig.h; sourceTree = "<group>"; };
		CA341BA91467D15B0007160C /* PLHttpConfig.m */ = {isa = PBXFileReference; fileEncoding = 4; lastKnownFileType = sourcecode.c.objc; path = PLHttpConfig.m; sourceTree = "<group>"; };
		CA341BAA1467D15B0007160C /* PLHttpQueue.h */ = {isa = PBXFileReference; fileEncoding = 4; lastKnownFileType = sourcecode.c.h; path = PLHttpQueue.h; sourceTree = "<group>"; };
		CA341BAB1467D15B0007160C /* PLHttpQueue.m */ = {isa = PBXFileReference; fileEncoding = 4; lastKnownFileType = sourcecode.c.objc; path = PLHttpQueue.m; sourceTree = "<group>"; };
		CA341BDF1467D22F0007160C /* QuartzCore.framework */ = {isa = PBXFileReference; lastKnownFileType = wrapper.framework; name = QuartzCore.framework; path = System/Library/Frameworks/QuartzCore.framework; sourceTree = SDKROOT; };
		CA341BE21467D4100007160C /* JSON.h */ = {isa = PBXFileReference; fileEncoding = 4; lastKnownFileType = sourcecode.c.h; path = JSON.h; sourceTree = "<group>"; };
		CA341BE31467D4100007160C /* NSObject+SBJSON.h */ = {isa = PBXFileReference; fileEncoding = 4; lastKnownFileType = sourcecode.c.h; path = "NSObject+SBJSON.h"; sourceTree = "<group>"; };
		CA341BE41467D4100007160C /* NSObject+SBJSON.m */ = {isa = PBXFileReference; fileEncoding = 4; lastKnownFileType = sourcecode.c.objc; path = "NSObject+SBJSON.m"; sourceTree = "<group>"; };
		CA341BE51467D4100007160C /* NSString+SBJSON.h */ = {isa = PBXFileReference; fileEncoding = 4; lastKnownFileType = sourcecode.c.h; path = "NSString+SBJSON.h"; sourceTree = "<group>"; };
		CA341BE61467D4100007160C /* NSString+SBJSON.m */ = {isa = PBXFileReference; fileEncoding = 4; lastKnownFileType = sourcecode.c.objc; path = "NSString+SBJSON.m"; sourceTree = "<group>"; };
		CA341BE71467D4100007160C /* SBJsonBase.h */ = {isa = PBXFileReference; fileEncoding = 4; lastKnownFileType = sourcecode.c.h; path = SBJsonBase.h; sourceTree = "<group>"; };
		CA341BE81467D4100007160C /* SBJsonBase.m */ = {isa = PBXFileReference; fileEncoding = 4; lastKnownFileType = sourcecode.c.objc; path = SBJsonBase.m; sourceTree = "<group>"; };
		CA341BE91467D4100007160C /* SBJsonParser.h */ = {isa = PBXFileReference; fileEncoding = 4; lastKnownFileType = sourcecode.c.h; path = SBJsonParser.h; sourceTree = "<group>"; };
		CA341BEA1467D4100007160C /* SBJsonParser.m */ = {isa = PBXFileReference; fileEncoding = 4; lastKnownFileType = sourcecode.c.objc; path = SBJsonParser.m; sourceTree = "<group>"; };
		CA341BEB1467D4100007160C /* SBJsonWriter.h */ = {isa = PBXFileReference; fileEncoding = 4; lastKnownFileType = sourcecode.c.h; path = SBJsonWriter.h; sourceTree = "<group>"; };
		CA341BEC1467D4100007160C /* SBJsonWriter.m */ = {isa = PBXFileReference; fileEncoding = 4; lastKnownFileType = sourcecode.c.objc; path = SBJsonWriter.m; sourceTree = "<group>"; };
		CA341BF51467D48E0007160C /* DBList.h */ = {isa = PBXFileReference; fileEncoding = 4; lastKnownFileType = sourcecode.c.h; path = DBList.h; sourceTree = "<group>"; };
		CA341BF61467D48E0007160C /* DBList.m */ = {isa = PBXFileReference; fileEncoding = 4; lastKnownFileType = sourcecode.c.objc; path = DBList.m; sourceTree = "<group>"; };
		CA341BF81467D4B30007160C /* DBFM.h */ = {isa = PBXFileReference; fileEncoding = 4; lastKnownFileType = sourcecode.c.h; path = DBFM.h; sourceTree = "<group>"; };
		CA341BF91467D4B30007160C /* DBFM.m */ = {isa = PBXFileReference; fileEncoding = 4; lastKnownFileType = sourcecode.c.objc; path = DBFM.m; sourceTree = "<group>"; };
		CA341C081467E39A0007160C /* PLHttpBlock.h */ = {isa = PBXFileReference; fileEncoding = 4; lastKnownFileType = sourcecode.c.h; path = PLHttpBlock.h; sourceTree = "<group>"; };
		CA341C091467E39B0007160C /* PLHttpBlock.m */ = {isa = PBXFileReference; fileEncoding = 4; lastKnownFileType = sourcecode.c.objc; path = PLHttpBlock.m; sourceTree = "<group>"; };
		CA779C47146FDB9C00D085AF /* NSImageCache.h */ = {isa = PBXFileReference; fileEncoding = 4; lastKnownFileType = sourcecode.c.h; name = NSImageCache.h; path = NSImageAddition/NSImageCache.h; sourceTree = "<group>"; };
		CA779C48146FDB9C00D085AF /* NSImageCache.m */ = {isa = PBXFileReference; fileEncoding = 4; lastKnownFileType = sourcecode.c.objc; name = NSImageCache.m; path = NSImageAddition/NSImageCache.m; sourceTree = "<group>"; };
		CA779C4A146FDF6700D085AF /* PLImageRequest.h */ = {isa = PBXFileReference; fileEncoding = 4; lastKnownFileType = sourcecode.c.h; path = PLImageRequest.h; sourceTree = "<group>"; };
		CA779C4B146FDF6700D085AF /* PLImageRequest.m */ = {isa = PBXFileReference; fileEncoding = 4; lastKnownFileType = sourcecode.c.objc; path = PLImageRequest.m; sourceTree = "<group>"; };
		CA779C4D146FDFF800D085AF /* NSImageLoader.h */ = {isa = PBXFileReference; fileEncoding = 4; lastKnownFileType = sourcecode.c.h; name = NSImageLoader.h; path = NSImageAddition/NSImageLoader.h; sourceTree = "<group>"; };
		CA779C4E146FDFF800D085AF /* NSImageLoader.m */ = {isa = PBXFileReference; fileEncoding = 4; lastKnownFileType = sourcecode.c.objc; name = NSImageLoader.m; path = NSImageAddition/NSImageLoader.m; sourceTree = "<group>"; };
		CA779C50146FE3D800D085AF /* NSImageView+RemoteImage.h */ = {isa = PBXFileReference; fileEncoding = 4; lastKnownFileType = sourcecode.c.h; name = "NSImageView+RemoteImage.h"; path = "NSImageAddition/NSImageView+RemoteImage.h"; sourceTree = "<group>"; };
		CA779C51146FE3D800D085AF /* NSImageView+RemoteImage.m */ = {isa = PBXFileReference; fileEncoding = 4; lastKnownFileType = sourcecode.c.objc; name = "NSImageView+RemoteImage.m"; path = "NSImageAddition/NSImageView+RemoteImage.m"; sourceTree = "<group>"; };
		CA779C53146FE50000D085AF /* default_cover.png */ = {isa = PBXFileReference; lastKnownFileType = image.png; path = default_cover.png; sourceTree = "<group>"; };
		CA779C59146FEC3100D085AF /* TexturedSliderPhotoSmall.tif */ = {isa = PBXFileReference; lastKnownFileType = image.tiff; name = TexturedSliderPhotoSmall.tif; path = ../../../osx/bwtoolkit/TexturedSliderPhotoSmall.tif; sourceTree = "<group>"; };
		CA779C5A146FEC3100D085AF /* TexturedSliderPhotoLarge.tif */ = {isa = PBXFileReference; lastKnownFileType = image.tiff; name = TexturedSliderPhotoLarge.tif; path = ../../../osx/bwtoolkit/TexturedSliderPhotoLarge.tif; sourceTree = "<group>"; };
		CA779C5B146FEC3100D085AF /* TexturedSliderSpeakerQuiet.png */ = {isa = PBXFileReference; lastKnownFileType = image.png; name = TexturedSliderSpeakerQuiet.png; path = ../../../osx/bwtoolkit/TexturedSliderSpeakerQuiet.png; sourceTree = "<group>"; };
		CA779C5C146FEC3100D085AF /* TexturedSliderSpeakerLoud.png */ = {isa = PBXFileReference; lastKnownFileType = image.png; name = TexturedSliderSpeakerLoud.png; path = ../../../osx/bwtoolkit/TexturedSliderSpeakerLoud.png; sourceTree = "<group>"; };
		CA779C5D146FEC3100D085AF /* TexturedSliderTrackRight.tiff */ = {isa = PBXFileReference; lastKnownFileType = image.tiff; name = TexturedSliderTrackRight.tiff; path = ../../../osx/bwtoolkit/TexturedSliderTrackRight.tiff; sourceTree = "<group>"; };
		CA779C5E146FEC3100D085AF /* TexturedSliderTrackFill.tiff */ = {isa = PBXFileReference; lastKnownFileType = image.tiff; name = TexturedSliderTrackFill.tiff; path = ../../../osx/bwtoolkit/TexturedSliderTrackFill.tiff; sourceTree = "<group>"; };
		CA779C5F146FEC3100D085AF /* TexturedSliderTrackLeft.tiff */ = {isa = PBXFileReference; lastKnownFileType = image.tiff; name = TexturedSliderTrackLeft.tiff; path = ../../../osx/bwtoolkit/TexturedSliderTrackLeft.tiff; sourceTree = "<group>"; };
		CA779C60146FEC3100D085AF /* TexturedSliderThumbP.tiff */ = {isa = PBXFileReference; lastKnownFileType = image.tiff; name = TexturedSliderThumbP.tiff; path = ../../../osx/bwtoolkit/TexturedSliderThumbP.tiff; sourceTree = "<group>"; };
		CA779C61146FEC3100D085AF /* TexturedSliderThumbN.tiff */ = {isa = PBXFileReference; lastKnownFileType = image.tiff; name = TexturedSliderThumbN.tiff; path = ../../../osx/bwtoolkit/TexturedSliderThumbN.tiff; sourceTree = "<group>"; };
		CA779C6B146FEC4000D085AF /* BWTexturedSlider.h */ = {isa = PBXFileReference; fileEncoding = 4; lastKnownFileType = sourcecode.c.h; name = BWTexturedSlider.h; path = ../../../osx/bwtoolkit/BWTexturedSlider.h; sourceTree = "<group>"; };
		CA779C6C146FEC4000D085AF /* BWTexturedSlider.m */ = {isa = PBXFileReference; fileEncoding = 4; lastKnownFileType = sourcecode.c.objc; name = BWTexturedSlider.m; path = ../../../osx/bwtoolkit/BWTexturedSlider.m; sourceTree = "<group>"; };
		CA779C6D146FEC4000D085AF /* BWTexturedSliderCell.h */ = {isa = PBXFileReference; fileEncoding = 4; lastKnownFileType = sourcecode.c.h; name = BWTexturedSliderCell.h; path = ../../../osx/bwtoolkit/BWTexturedSliderCell.h; sourceTree = "<group>"; };
		CA779C6E146FEC4000D085AF /* BWTexturedSliderCell.m */ = {isa = PBXFileReference; fileEncoding = 4; lastKnownFileType = sourcecode.c.objc; name = BWTexturedSliderCell.m; path = ../../../osx/bwtoolkit/BWTexturedSliderCell.m; sourceTree = "<group>"; };
		CA779C71146FF0DE00D085AF /* cover_shadow.png */ = {isa = PBXFileReference; lastKnownFileType = image.png; path = cover_shadow.png; sourceTree = "<group>"; };
		CA779C73146FF4BC00D085AF /* NSVIewBG.h */ = {isa = PBXFileReference; fileEncoding = 4; lastKnownFileType = sourcecode.c.h; path = NSVIewBG.h; sourceTree = "<group>"; };
		CA779C74146FF4BC00D085AF /* NSVIewBG.m */ = {isa = PBXFileReference; fileEncoding = 4; lastKnownFileType = sourcecode.c.objc; path = NSVIewBG.m; sourceTree = "<group>"; };
		CA779C76146FF7AF00D085AF /* next.png */ = {isa = PBXFileReference; lastKnownFileType = image.png; path = next.png; sourceTree = "<group>"; };
		CA779C77146FF7B000D085AF /* play.png */ = {isa = PBXFileReference; lastKnownFileType = image.png; path = play.png; sourceTree = "<group>"; };
		CA779C78146FF7B000D085AF /* pause.png */ = {isa = PBXFileReference; lastKnownFileType = image.png; path = pause.png; sourceTree = "<group>"; };
		CA8108F4143459B500AADE2C /* LessDJ.app */ = {isa = PBXFileReference; explicitFileType = wrapper.application; includeInIndex = 0; path = LessDJ.app; sourceTree = BUILT_PRODUCTS_DIR; };
		CA8108F8143459B500AADE2C /* Cocoa.framework */ = {isa = PBXFileReference; lastKnownFileType = wrapper.framework; name = Cocoa.framework; path = System/Library/Frameworks/Cocoa.framework; sourceTree = SDKROOT; };
		CA8108FB143459B500AADE2C /* AppKit.framework */ = {isa = PBXFileReference; lastKnownFileType = wrapper.framework; name = AppKit.framework; path = System/Library/Frameworks/AppKit.framework; sourceTree = SDKROOT; };
		CA8108FC143459B500AADE2C /* CoreData.framework */ = {isa = PBXFileReference; lastKnownFileType = wrapper.framework; name = CoreData.framework; path = System/Library/Frameworks/CoreData.framework; sourceTree = SDKROOT; };
		CA8108FD143459B500AADE2C /* Foundation.framework */ = {isa = PBXFileReference; lastKnownFileType = wrapper.framework; name = Foundation.framework; path = System/Library/Frameworks/Foundation.framework; sourceTree = SDKROOT; };
		CA810900143459B500AADE2C /* LessDJ-Info.plist */ = {isa = PBXFileReference; lastKnownFileType = text.plist.xml; path = "LessDJ-Info.plist"; sourceTree = "<group>"; };
		CA810902143459B500AADE2C /* en */ = {isa = PBXFileReference; lastKnownFileType = text.plist.strings; name = en; path = en.lproj/InfoPlist.strings; sourceTree = "<group>"; };
		CA810904143459B500AADE2C /* main.m */ = {isa = PBXFileReference; lastKnownFileType = sourcecode.c.objc; path = main.m; sourceTree = "<group>"; };
		CA810906143459B500AADE2C /* LessDJ-Prefix.pch */ = {isa = PBXFileReference; lastKnownFileType = sourcecode.c.h; path = "LessDJ-Prefix.pch"; sourceTree = "<group>"; };
		CA810908143459B500AADE2C /* en */ = {isa = PBXFileReference; lastKnownFileType = text.rtf; name = en; path = en.lproj/Credits.rtf; sourceTree = "<group>"; };
		CA81090A143459B500AADE2C /* LessDJAppDelegate.h */ = {isa = PBXFileReference; lastKnownFileType = sourcecode.c.h; path = LessDJAppDelegate.h; sourceTree = "<group>"; };
		CA81090B143459B500AADE2C /* LessDJAppDelegate.m */ = {isa = PBXFileReference; lastKnownFileType = sourcecode.c.objc; path = LessDJAppDelegate.m; sourceTree = "<group>"; };
		CA81090E143459B600AADE2C /* en */ = {isa = PBXFileReference; lastKnownFileType = file.xib; name = en; path = en.lproj/MainMenu.xib; sourceTree = "<group>"; };
		CA81091814345B6D00AADE2C /* douban.mdown */ = {isa = PBXFileReference; fileEncoding = 4; lastKnownFileType = text; path = douban.mdown; sourceTree = "<group>"; };
		CA8109721434628800AADE2C /* AudioToolbox.framework */ = {isa = PBXFileReference; lastKnownFileType = wrapper.framework; name = AudioToolbox.framework; path = System/Library/Frameworks/AudioToolbox.framework; sourceTree = SDKROOT; };
		CAC4B1BC146CDB4A0017EA73 /* CoreMedia.framework */ = {isa = PBXFileReference; lastKnownFileType = wrapper.framework; name = CoreMedia.framework; path = System/Library/Frameworks/CoreMedia.framework; sourceTree = SDKROOT; };
		CAC4B1D4146D08CD0017EA73 /* LessDJ.sdef */ = {isa = PBXFileReference; fileEncoding = 4; lastKnownFileType = text; path = LessDJ.sdef; sourceTree = "<group>"; };
		CAC4B1D7146D09860017EA73 /* NSApplication+BridgeSupport.h */ = {isa = PBXFileReference; fileEncoding = 4; lastKnownFileType = sourcecode.c.h; path = "NSApplication+BridgeSupport.h"; sourceTree = "<group>"; };
		CAC4B1D8146D09860017EA73 /* NSApplication+BridgeSupport.m */ = {isa = PBXFileReference; fileEncoding = 4; lastKnownFileType = sourcecode.c.objc; path = "NSApplication+BridgeSupport.m"; sourceTree = "<group>"; };
		CAC4B1DA146D117A0017EA73 /* Element.h */ = {isa = PBXFileReference; fileEncoding = 4; lastKnownFileType = sourcecode.c.h; path = Element.h; sourceTree = "<group>"; };
		CAC4B1DB146D117A0017EA73 /* Element.m */ = {isa = PBXFileReference; fileEncoding = 4; lastKnownFileType = sourcecode.c.objc; path = Element.m; sourceTree = "<group>"; };
		CAD051C5146BD276005E8929 /* AVFoundation.framework */ = {isa = PBXFileReference; lastKnownFileType = wrapper.framework; name = AVFoundation.framework; path = System/Library/Frameworks/AVFoundation.framework; sourceTree = SDKROOT; };
/* End PBXFileReference section */

/* Begin PBXFrameworksBuildPhase section */
		CA8108F1143459B500AADE2C /* Frameworks */ = {
			isa = PBXFrameworksBuildPhase;
			buildActionMask = 2147483647;
			files = (
				CAC4B1BD146CDB4A0017EA73 /* CoreMedia.framework in Frameworks */,
				CAD051C6146BD276005E8929 /* AVFoundation.framework in Frameworks */,
				CA341BE01467D22F0007160C /* QuartzCore.framework in Frameworks */,
				CA8109731434628800AADE2C /* AudioToolbox.framework in Frameworks */,
				CA8108F9143459B500AADE2C /* Cocoa.framework in Frameworks */,
			);
			runOnlyForDeploymentPostprocessing = 0;
		};
/* End PBXFrameworksBuildPhase section */

/* Begin PBXGroup section */
		CA341B861467D15B0007160C /* PlutoLand */ = {
			isa = PBXGroup;
			children = (
				CA341B871467D15B0007160C /* Categories */,
				CA341B9A1467D15B0007160C /* Global */,
				CA341BA51467D15B0007160C /* HttpClient */,
			);
			path = PlutoLand;
			sourceTree = PLUTO_LAND_PATH;
		};
		CA341B871467D15B0007160C /* Categories */ = {
			isa = PBXGroup;
			children = (
				CA341B881467D15B0007160C /* NSAdditions.h */,
				CA341B891467D15B0007160C /* NSDictionary+NonNull.h */,
				CA341B8A1467D15B0007160C /* NSDictionary+NonNull.m */,
				CA341B8B1467D15B0007160C /* NSDictionary+URL.h */,
				CA341B8C1467D15B0007160C /* NSDictionary+URL.m */,
				CA341B8D1467D15B0007160C /* NSString+Addition.h */,
				CA341B8E1467D15B0007160C /* NSString+Addition.m */,
			);
			path = Categories;
			sourceTree = "<group>";
		};
		CA341B9A1467D15B0007160C /* Global */ = {
			isa = PBXGroup;
			children = (
				CA341B9B1467D15B0007160C /* PLCore.h */,
				CA341B9C1467D15B0007160C /* PLGlobal.h */,
				CA341B9D1467D15B0007160C /* PLGlobal.m */,
				CA341B9E1467D15B0007160C /* PLOG.h */,
				CA341B9F1467D15B0007160C /* PLOG.m */,
				CA341BA01467D15B0007160C /* PLSettings.h */,
				CA341BA11467D15B0007160C /* PLSettings.m */,
				CA341BA21467D15B0007160C /* PlutoLand.h */,
				CA341BA31467D15B0007160C /* T.h */,
				CA341BA41467D15B0007160C /* T.m */,
			);
			path = Global;
			sourceTree = "<group>";
		};
		CA341BA51467D15B0007160C /* HttpClient */ = {
			isa = PBXGroup;
			children = (
				CA779C4A146FDF6700D085AF /* PLImageRequest.h */,
				CA779C4B146FDF6700D085AF /* PLImageRequest.m */,
				CA341BA61467D15B0007160C /* PLHttpClient.h */,
				CA341BA71467D15B0007160C /* PLHttpClient.m */,
				CA341BA81467D15B0007160C /* PLHttpConfig.h */,
				CA341BA91467D15B0007160C /* PLHttpConfig.m */,
				CA341BAA1467D15B0007160C /* PLHttpQueue.h */,
				CA341BAB1467D15B0007160C /* PLHttpQueue.m */,
			);
			path = HttpClient;
			sourceTree = "<group>";
		};
		CA341BE11467D4100007160C /* SBJSON */ = {
			isa = PBXGroup;
			children = (
				CA341BE21467D4100007160C /* JSON.h */,
				CA341BE31467D4100007160C /* NSObject+SBJSON.h */,
				CA341BE41467D4100007160C /* NSObject+SBJSON.m */,
				CA341BE51467D4100007160C /* NSString+SBJSON.h */,
				CA341BE61467D4100007160C /* NSString+SBJSON.m */,
				CA341BE71467D4100007160C /* SBJsonBase.h */,
				CA341BE81467D4100007160C /* SBJsonBase.m */,
				CA341BE91467D4100007160C /* SBJsonParser.h */,
				CA341BEA1467D4100007160C /* SBJsonParser.m */,
				CA341BEB1467D4100007160C /* SBJsonWriter.h */,
				CA341BEC1467D4100007160C /* SBJsonWriter.m */,
			);
			path = SBJSON;
			sourceTree = "<group>";
		};
		CA779C45146FDB6900D085AF /* NSImageCache */ = {
			isa = PBXGroup;
			children = (
				CA779C47146FDB9C00D085AF /* NSImageCache.h */,
				CA779C48146FDB9C00D085AF /* NSImageCache.m */,
				CA779C4D146FDFF800D085AF /* NSImageLoader.h */,
				CA779C4E146FDFF800D085AF /* NSImageLoader.m */,
				CA779C50146FE3D800D085AF /* NSImageView+RemoteImage.h */,
				CA779C51146FE3D800D085AF /* NSImageView+RemoteImage.m */,
			);
			name = NSImageCache;
			sourceTree = "<group>";
		};
		CA779C58146FEBE100D085AF /* custom slider */ = {
			isa = PBXGroup;
			children = (
				CA779C6B146FEC4000D085AF /* BWTexturedSlider.h */,
				CA779C6C146FEC4000D085AF /* BWTexturedSlider.m */,
				CA779C6D146FEC4000D085AF /* BWTexturedSliderCell.h */,
				CA779C6E146FEC4000D085AF /* BWTexturedSliderCell.m */,
				CA779C59146FEC3100D085AF /* TexturedSliderPhotoSmall.tif */,
				CA779C5A146FEC3100D085AF /* TexturedSliderPhotoLarge.tif */,
				CA779C5B146FEC3100D085AF /* TexturedSliderSpeakerQuiet.png */,
				CA779C5C146FEC3100D085AF /* TexturedSliderSpeakerLoud.png */,
				CA779C5D146FEC3100D085AF /* TexturedSliderTrackRight.tiff */,
				CA779C5E146FEC3100D085AF /* TexturedSliderTrackFill.tiff */,
				CA779C5F146FEC3100D085AF /* TexturedSliderTrackLeft.tiff */,
				CA779C60146FEC3100D085AF /* TexturedSliderThumbP.tiff */,
				CA779C61146FEC3100D085AF /* TexturedSliderThumbN.tiff */,
			);
			name = "custom slider";
			sourceTree = "<group>";
		};
		CA8108E9143459B500AADE2C = {
			isa = PBXGroup;
			children = (
				CA341BE11467D4100007160C /* SBJSON */,
				CA341B861467D15B0007160C /* PlutoLand */,
				CA8108FE143459B500AADE2C /* LessDJ */,
				CA8108F7143459B500AADE2C /* Frameworks */,
				CA8108F5143459B500AADE2C /* Products */,
			);
			sourceTree = "<group>";
		};
		CA8108F5143459B500AADE2C /* Products */ = {
			isa = PBXGroup;
			children = (
				CA8108F4143459B500AADE2C /* LessDJ.app */,
			);
			name = Products;
			sourceTree = "<group>";
		};
		CA8108F7143459B500AADE2C /* Frameworks */ = {
			isa = PBXGroup;
			children = (
				CAC4B1BC146CDB4A0017EA73 /* CoreMedia.framework */,
				CAD051C5146BD276005E8929 /* AVFoundation.framework */,
				CA341BDF1467D22F0007160C /* QuartzCore.framework */,
				CA8109721434628800AADE2C /* AudioToolbox.framework */,
				CA8108F8143459B500AADE2C /* Cocoa.framework */,
				CA8108FA143459B500AADE2C /* Other Frameworks */,
			);
			name = Frameworks;
			sourceTree = "<group>";
		};
		CA8108FA143459B500AADE2C /* Other Frameworks */ = {
			isa = PBXGroup;
			children = (
				CA8108FB143459B500AADE2C /* AppKit.framework */,
				CA8108FC143459B500AADE2C /* CoreData.framework */,
				CA8108FD143459B500AADE2C /* Foundation.framework */,
			);
			name = "Other Frameworks";
			sourceTree = "<group>";
		};
		CA8108FE143459B500AADE2C /* LessDJ */ = {
			isa = PBXGroup;
			children = (
				CA779C58146FEBE100D085AF /* custom slider */,
				CA779C45146FDB6900D085AF /* NSImageCache */,
				CAC4B1DA146D117A0017EA73 /* Element.h */,
				CAC4B1DB146D117A0017EA73 /* Element.m */,
				CA81091714345B6D00AADE2C /* DoubanFM_List */,
				CA81090A143459B500AADE2C /* LessDJAppDelegate.h */,
				CA81090B143459B500AADE2C /* LessDJAppDelegate.m */,
				CA81090D143459B600AADE2C /* MainMenu.xib */,
				CA8108FF143459B500AADE2C /* Supporting Files */,
				CA341C081467E39A0007160C /* PLHttpBlock.h */,
				CA341C091467E39B0007160C /* PLHttpBlock.m */,
				CAC4B1D7146D09860017EA73 /* NSApplication+BridgeSupport.h */,
				CAC4B1D8146D09860017EA73 /* NSApplication+BridgeSupport.m */,
				CA779C73146FF4BC00D085AF /* NSVIewBG.h */,
				CA779C74146FF4BC00D085AF /* NSVIewBG.m */,
			);
			path = LessDJ;
			sourceTree = "<group>";
		};
		CA8108FF143459B500AADE2C /* Supporting Files */ = {
			isa = PBXGroup;
			children = (
				CA779C76146FF7AF00D085AF /* next.png */,
				CA779C77146FF7B000D085AF /* play.png */,
				CA779C78146FF7B000D085AF /* pause.png */,
				CA779C71146FF0DE00D085AF /* cover_shadow.png */,
				CA779C53146FE50000D085AF /* default_cover.png */,
				CA810900143459B500AADE2C /* LessDJ-Info.plist */,
				CA810901143459B500AADE2C /* InfoPlist.strings */,
				CA810904143459B500AADE2C /* main.m */,
				CA810906143459B500AADE2C /* LessDJ-Prefix.pch */,
				CA810907143459B500AADE2C /* Credits.rtf */,
				CAC4B1D4146D08CD0017EA73 /* LessDJ.sdef */,
			);
			name = "Supporting Files";
			sourceTree = "<group>";
		};
		CA81091714345B6D00AADE2C /* DoubanFM_List */ = {
			isa = PBXGroup;
			children = (
				CA81091814345B6D00AADE2C /* douban.mdown */,
				CA341BF51467D48E0007160C /* DBList.h */,
				CA341BF61467D48E0007160C /* DBList.m */,
				CA341BF81467D4B30007160C /* DBFM.h */,
				CA341BF91467D4B30007160C /* DBFM.m */,
			);
			path = DoubanFM_List;
			sourceTree = "<group>";
		};
/* End PBXGroup section */

/* Begin PBXNativeTarget section */
		CA8108F3143459B500AADE2C /* LessDJ */ = {
			isa = PBXNativeTarget;
			buildConfigurationList = CA810912143459B600AADE2C /* Build configuration list for PBXNativeTarget "LessDJ" */;
			buildPhases = (
				CA8108F0143459B500AADE2C /* Sources */,
				CA8108F1143459B500AADE2C /* Frameworks */,
				CA8108F2143459B500AADE2C /* Resources */,
			);
			buildRules = (
			);
			dependencies = (
			);
			name = LessDJ;
			productName = LessDJ;
			productReference = CA8108F4143459B500AADE2C /* LessDJ.app */;
			productType = "com.apple.product-type.application";
		};
/* End PBXNativeTarget section */

/* Begin PBXProject section */
		CA8108EB143459B500AADE2C /* Project object */ = {
			isa = PBXProject;
			attributes = {
				LastUpgradeCheck = 0420;
				ORGANIZATIONNAME = "xu han";
			};
			buildConfigurationList = CA8108EE143459B500AADE2C /* Build configuration list for PBXProject "LessDJ" */;
			compatibilityVersion = "Xcode 3.2";
			developmentRegion = English;
			hasScannedForEncodings = 0;
			knownRegions = (
				en,
			);
			mainGroup = CA8108E9143459B500AADE2C;
			productRefGroup = CA8108F5143459B500AADE2C /* Products */;
			projectDirPath = "";
			projectRoot = "";
			targets = (
				CA8108F3143459B500AADE2C /* LessDJ */,
			);
		};
/* End PBXProject section */

/* Begin PBXResourcesBuildPhase section */
		CA8108F2143459B500AADE2C /* Resources */ = {
			isa = PBXResourcesBuildPhase;
			buildActionMask = 2147483647;
			files = (
				CA810903143459B500AADE2C /* InfoPlist.strings in Resources */,
				CA810909143459B500AADE2C /* Credits.rtf in Resources */,
				CA81090F143459B600AADE2C /* MainMenu.xib in Resources */,
				CAC4B1D5146D08CD0017EA73 /* LessDJ.sdef in Resources */,
				CA779C54146FE50000D085AF /* default_cover.png in Resources */,
				CA779C62146FEC3100D085AF /* TexturedSliderPhotoSmall.tif in Resources */,
				CA779C63146FEC3100D085AF /* TexturedSliderPhotoLarge.tif in Resources */,
				CA779C64146FEC3100D085AF /* TexturedSliderSpeakerQuiet.png in Resources */,
				CA779C65146FEC3100D085AF /* TexturedSliderSpeakerLoud.png in Resources */,
				CA779C66146FEC3100D085AF /* TexturedSliderTrackRight.tiff in Resources */,
				CA779C67146FEC3100D085AF /* TexturedSliderTrackFill.tiff in Resources */,
				CA779C68146FEC3100D085AF /* TexturedSliderTrackLeft.tiff in Resources */,
				CA779C69146FEC3100D085AF /* TexturedSliderThumbP.tiff in Resources */,
				CA779C6A146FEC3100D085AF /* TexturedSliderThumbN.tiff in Resources */,
				CA779C72146FF0DE00D085AF /* cover_shadow.png in Resources */,
				CA779C79146FF7B000D085AF /* next.png in Resources */,
				CA779C7A146FF7B000D085AF /* play.png in Resources */,
				CA779C7B146FF7B000D085AF /* pause.png in Resources */,
			);
			runOnlyForDeploymentPostprocessing = 0;
		};
/* End PBXResourcesBuildPhase section */

/* Begin PBXSourcesBuildPhase section */
		CA8108F0143459B500AADE2C /* Sources */ = {
			isa = PBXSourcesBuildPhase;
			buildActionMask = 2147483647;
			files = (
				CA810905143459B500AADE2C /* main.m in Sources */,
				CA81090C143459B500AADE2C /* LessDJAppDelegate.m in Sources */,
				CA341BC41467D15B0007160C /* NSDictionary+NonNull.m in Sources */,
				CA341BC51467D15B0007160C /* NSDictionary+URL.m in Sources */,
				CA341BC61467D15B0007160C /* NSString+Addition.m in Sources */,
				CA341BCC1467D15B0007160C /* PLGlobal.m in Sources */,
				CA341BCD1467D15B0007160C /* PLOG.m in Sources */,
				CA341BCE1467D15B0007160C /* PLSettings.m in Sources */,
				CA341BCF1467D15B0007160C /* T.m in Sources */,
				CA341BD01467D15B0007160C /* PLHttpClient.m in Sources */,
				CA341BD11467D15B0007160C /* PLHttpConfig.m in Sources */,
				CA341BD21467D15B0007160C /* PLHttpQueue.m in Sources */,
				CA341BED1467D4100007160C /* NSObject+SBJSON.m in Sources */,
				CA341BEE1467D4100007160C /* NSString+SBJSON.m in Sources */,
				CA341BEF1467D4100007160C /* SBJsonBase.m in Sources */,
				CA341BF01467D4100007160C /* SBJsonParser.m in Sources */,
				CA341BF11467D4100007160C /* SBJsonWriter.m in Sources */,
				CA341BF71467D48E0007160C /* DBList.m in Sources */,
				CA341BFA1467D4B30007160C /* DBFM.m in Sources */,
				CA341C0A1467E39B0007160C /* PLHttpBlock.m in Sources */,
				CAC4B1D9146D09860017EA73 /* NSApplication+BridgeSupport.m in Sources */,
				CAC4B1DC146D117B0017EA73 /* Element.m in Sources */,
				CA779C49146FDB9C00D085AF /* NSImageCache.m in Sources */,
				CA779C4C146FDF6700D085AF /* PLImageRequest.m in Sources */,
				CA779C4F146FDFF800D085AF /* NSImageLoader.m in Sources */,
				CA779C52146FE3D800D085AF /* NSImageView+RemoteImage.m in Sources */,
				CA779C6F146FEC4000D085AF /* BWTexturedSlider.m in Sources */,
				CA779C70146FEC4000D085AF /* BWTexturedSliderCell.m in Sources */,
				CA779C75146FF4BD00D085AF /* NSVIewBG.m in Sources */,
			);
			runOnlyForDeploymentPostprocessing = 0;
		};
/* End PBXSourcesBuildPhase section */

/* Begin PBXVariantGroup section */
		CA810901143459B500AADE2C /* InfoPlist.strings */ = {
			isa = PBXVariantGroup;
			children = (
				CA810902143459B500AADE2C /* en */,
			);
			name = InfoPlist.strings;
			sourceTree = "<group>";
		};
		CA810907143459B500AADE2C /* Credits.rtf */ = {
			isa = PBXVariantGroup;
			children = (
				CA810908143459B500AADE2C /* en */,
			);
			name = Credits.rtf;
			sourceTree = "<group>";
		};
		CA81090D143459B600AADE2C /* MainMenu.xib */ = {
			isa = PBXVariantGroup;
			children = (
				CA81090E143459B600AADE2C /* en */,
			);
			name = MainMenu.xib;
			sourceTree = "<group>";
		};
/* End PBXVariantGroup section */

/* Begin XCBuildConfiguration section */
		CA810910143459B600AADE2C /* Debug */ = {
			isa = XCBuildConfiguration;
			buildSettings = {
				ALWAYS_SEARCH_USER_PATHS = NO;
				ARCHS = "$(ARCHS_STANDARD_64_BIT)";
				COPY_PHASE_STRIP = NO;
				GCC_C_LANGUAGE_STANDARD = gnu99;
				GCC_DYNAMIC_NO_PIC = NO;
				GCC_ENABLE_OBJC_EXCEPTIONS = YES;
				GCC_OPTIMIZATION_LEVEL = 0;
				GCC_PREPROCESSOR_DEFINITIONS = (
					"DEBUG=1",
					"$(inherited)",
				);
				GCC_SYMBOLS_PRIVATE_EXTERN = NO;
				GCC_VERSION = com.apple.compilers.llvm.clang.1_0;
				GCC_WARN_64_TO_32_BIT_CONVERSION = YES;
				GCC_WARN_ABOUT_MISSING_PROTOTYPES = NO;
				GCC_WARN_ABOUT_RETURN_TYPE = YES;
				GCC_WARN_UNUSED_VARIABLE = YES;
				MACOSX_DEPLOYMENT_TARGET = 10.7;
				ONLY_ACTIVE_ARCH = YES;
				SDKROOT = macosx;
			};
			name = Debug;
		};
		CA810911143459B600AADE2C /* Release */ = {
			isa = XCBuildConfiguration;
			buildSettings = {
				ALWAYS_SEARCH_USER_PATHS = NO;
				ARCHS = "$(ARCHS_STANDARD_64_BIT)";
				COPY_PHASE_STRIP = YES;
				DEBUG_INFORMATION_FORMAT = "dwarf-with-dsym";
				GCC_C_LANGUAGE_STANDARD = gnu99;
				GCC_ENABLE_OBJC_EXCEPTIONS = YES;
				GCC_VERSION = com.apple.compilers.llvm.clang.1_0;
				GCC_WARN_64_TO_32_BIT_CONVERSION = YES;
				GCC_WARN_ABOUT_MISSING_PROTOTYPES = NO;
				GCC_WARN_ABOUT_RETURN_TYPE = YES;
				GCC_WARN_UNUSED_VARIABLE = YES;
				MACOSX_DEPLOYMENT_TARGET = 10.7;
				SDKROOT = macosx;
			};
			name = Release;
		};
		CA810913143459B600AADE2C /* Debug */ = {
			isa = XCBuildConfiguration;
			buildSettings = {
				GCC_PRECOMPILE_PREFIX_HEADER = YES;
				GCC_PREFIX_HEADER = "LessDJ/LessDJ-Prefix.pch";
				INFOPLIST_FILE = "LessDJ/LessDJ-Info.plist";
				PRODUCT_NAME = "$(TARGET_NAME)";
				WRAPPER_EXTENSION = app;
			};
			name = Debug;
		};
		CA810914143459B600AADE2C /* Release */ = {
			isa = XCBuildConfiguration;
			buildSettings = {
				GCC_PRECOMPILE_PREFIX_HEADER = YES;
				GCC_PREFIX_HEADER = "LessDJ/LessDJ-Prefix.pch";
				INFOPLIST_FILE = "LessDJ/LessDJ-Info.plist";
				PRODUCT_NAME = "$(TARGET_NAME)";
				WRAPPER_EXTENSION = app;
			};
			name = Release;
		};
/* End XCBuildConfiguration section */

/* Begin XCConfigurationList section */
		CA8108EE143459B500AADE2C /* Build configuration list for PBXProject "LessDJ" */ = {
			isa = XCConfigurationList;
			buildConfigurations = (
				CA810910143459B600AADE2C /* Debug */,
				CA810911143459B600AADE2C /* Release */,
			);
			defaultConfigurationIsVisible = 0;
			defaultConfigurationName = Release;
		};
		CA810912143459B600AADE2C /* Build configuration list for PBXNativeTarget "LessDJ" */ = {
			isa = XCConfigurationList;
			buildConfigurations = (
				CA810913143459B600AADE2C /* Debug */,
				CA810914143459B600AADE2C /* Release */,
			);
			defaultConfigurationIsVisible = 0;
			defaultConfigurationName = Release;
		};
/* End XCConfigurationList section */
	};
	rootObject = CA8108EB143459B500AADE2C /* Project object */;
}
